
Microsoft Visual Studio Solution File, Format Version 12.00
# Visual Studio Version 17
VisualStudioVersion = 17.14.36623.8 d17.14
MinimumVisualStudioVersion = 10.0.40219.1
Project("{FAE04EC0-301F-11D3-BF4B-00C04F79EFBC}") = "Novela", "Novela\Novela.csproj", "{107265EC-2C7F-404A-83EE-1B8BC1FB2164}"
EndProject
Global
	GlobalSection(SolutionConfigurationPlatforms) = preSolution
		Debug|Any CPU = Debug|Any CPU
		Release|Any CPU = Release|Any CPU
	EndGlobalSection
	GlobalSection(ProjectConfigurationPlatforms) = postSolution
		{107265EC-2C7F-404A-83EE-1B8BC1FB2164}.Debug|Any CPU.ActiveCfg = Debug|Any CPU
		{107265EC-2C7F-404A-83EE-1B8BC1FB2164}.Debug|Any CPU.Build.0 = Debug|Any CPU
		{107265EC-2C7F-404A-83EE-1B8BC1FB2164}.Release|Any CPU.ActiveCfg = Release|Any CPU
		{107265EC-2C7F-404A-83EE-1B8BC1FB2164}.Release|Any CPU.Build.0 = Release|Any CPU
	EndGlobalSection
	GlobalSection(SolutionProperties) = preSolution
		HideSolutionNode = FALSE
	EndGlobalSection
	GlobalSection(ExtensibilityGlobals) = postSolution
		SolutionGuid = {5A095BD7-6759-4089-BD11-F34A024B8566}
	EndGlobalSection
EndGlobal
